
Microsoft Visual Studio Solution File, Format Version 12.00
# Visual Studio Version 16
VisualStudioVersion = 16.0.32126.315
MinimumVisualStudioVersion = 10.0.40219.1
Project("{FAE04EC0-301F-11D3-BF4B-00C04F79EFBC}") = "Grupp4.Android", "Grupp4\Grupp4.Android\Grupp4.Android.csproj", "{C8B26A8C-DFE5-402C-A579-C314E18AD9E9}"
EndProject
Project("{FAE04EC0-301F-11D3-BF4B-00C04F79EFBC}") = "Grupp4.iOS", "Grupp4\Grupp4.iOS\Grupp4.iOS.csproj", "{EB368DE4-1C68-49FE-8F60-51D86F81F484}"
EndProject
Project("{9A19103F-16F7-4668-BE54-9A1E7A4F7556}") = "Grupp4", "Grupp4\Grupp4\Grupp4.csproj", "{C9B29FA0-EF98-497B-9E64-D3F11AF93911}"
EndProject
Project("{FAE04EC0-301F-11D3-BF4B-00C04F79EFBC}") = "JavaGL", "..\JavaGL\JavaGL.csproj", "{7B372CCE-4D08-4562-9B71-A36295CD14A0}"
EndProject
Global
	GlobalSection(SolutionConfigurationPlatforms) = preSolution
		Debug|Any CPU = Debug|Any CPU
		Debug|iPhone = Debug|iPhone
		Debug|iPhoneSimulator = Debug|iPhoneSimulator
		Release|Any CPU = Release|Any CPU
		Release|iPhone = Release|iPhone
		Release|iPhoneSimulator = Release|iPhoneSimulator
	EndGlobalSection
	GlobalSection(ProjectConfigurationPlatforms) = postSolution
		{C8B26A8C-DFE5-402C-A579-C314E18AD9E9}.Debug|Any CPU.ActiveCfg = Debug|Any CPU
		{C8B26A8C-DFE5-402C-A579-C314E18AD9E9}.Debug|Any CPU.Build.0 = Debug|Any CPU
		{C8B26A8C-DFE5-402C-A579-C314E18AD9E9}.Debug|Any CPU.Deploy.0 = Debug|Any CPU
		{C8B26A8C-DFE5-402C-A579-C314E18AD9E9}.Debug|iPhone.ActiveCfg = Debug|Any CPU
		{C8B26A8C-DFE5-402C-A579-C314E18AD9E9}.Debug|iPhone.Build.0 = Debug|Any CPU
		{C8B26A8C-DFE5-402C-A579-C314E18AD9E9}.Debug|iPhone.Deploy.0 = Debug|Any CPU
		{C8B26A8C-DFE5-402C-A579-C314E18AD9E9}.Debug|iPhoneSimulator.ActiveCfg = Debug|Any CPU
		{C8B26A8C-DFE5-402C-A579-C314E18AD9E9}.Debug|iPhoneSimulator.Build.0 = Debug|Any CPU
		{C8B26A8C-DFE5-402C-A579-C314E18AD9E9}.Debug|iPhoneSimulator.Deploy.0 = Debug|Any CPU
		{C8B26A8C-DFE5-402C-A579-C314E18AD9E9}.Release|Any CPU.ActiveCfg = Release|Any CPU
		{C8B26A8C-DFE5-402C-A579-C314E18AD9E9}.Release|Any CPU.Build.0 = Release|Any CPU
		{C8B26A8C-DFE5-402C-A579-C314E18AD9E9}.Release|Any CPU.Deploy.0 = Release|Any CPU
		{C8B26A8C-DFE5-402C-A579-C314E18AD9E9}.Release|iPhone.ActiveCfg = Release|Any CPU
		{C8B26A8C-DFE5-402C-A579-C314E18AD9E9}.Release|iPhone.Build.0 = Release|Any CPU
		{C8B26A8C-DFE5-402C-A579-C314E18AD9E9}.Release|iPhone.Deploy.0 = Release|Any CPU
		{C8B26A8C-DFE5-402C-A579-C314E18AD9E9}.Release|iPhoneSimulator.ActiveCfg = Release|Any CPU
		{C8B26A8C-DFE5-402C-A579-C314E18AD9E9}.Release|iPhoneSimulator.Build.0 = Release|Any CPU
		{C8B26A8C-DFE5-402C-A579-C314E18AD9E9}.Release|iPhoneSimulator.Deploy.0 = Release|Any CPU
		{EB368DE4-1C68-49FE-8F60-51D86F81F484}.Debug|Any CPU.ActiveCfg = Debug|iPhone
		{EB368DE4-1C68-49FE-8F60-51D86F81F484}.Debug|Any CPU.Build.0 = Debug|iPhone
		{EB368DE4-1C68-49FE-8F60-51D86F81F484}.Debug|Any CPU.Deploy.0 = Debug|iPhone
		{EB368DE4-1C68-49FE-8F60-51D86F81F484}.Debug|iPhone.ActiveCfg = Debug|iPhone
		{EB368DE4-1C68-49FE-8F60-51D86F81F484}.Debug|iPhone.Build.0 = Debug|iPhone
		{EB368DE4-1C68-49FE-8F60-51D86F81F484}.Debug|iPhone.Deploy.0 = Debug|iPhone
		{EB368DE4-1C68-49FE-8F60-51D86F81F484}.Debug|iPhoneSimulator.ActiveCfg = Debug|iPhoneSimulator
		{EB368DE4-1C68-49FE-8F60-51D86F81F484}.Debug|iPhoneSimulator.Build.0 = Debug|iPhoneSimulator
		{EB368DE4-1C68-49FE-8F60-51D86F81F484}.Debug|iPhoneSimulator.Deploy.0 = Debug|iPhoneSimulator
		{EB368DE4-1C68-49FE-8F60-51D86F81F484}.Release|Any CPU.ActiveCfg = Release|iPhoneSimulator
		{EB368DE4-1C68-49FE-8F60-51D86F81F484}.Release|Any CPU.Build.0 = Release|iPhoneSimulator
		{EB368DE4-1C68-49FE-8F60-51D86F81F484}.Release|Any CPU.Deploy.0 = Release|iPhoneSimulator
		{EB368DE4-1C68-49FE-8F60-51D86F81F484}.Release|iPhone.ActiveCfg = Release|iPhone
		{EB368DE4-1C68-49FE-8F60-51D86F81F484}.Release|iPhone.Build.0 = Release|iPhone
		{EB368DE4-1C68-49FE-8F60-51D86F81F484}.Release|iPhone.Deploy.0 = Release|iPhone
		{EB368DE4-1C68-49FE-8F60-51D86F81F484}.Release|iPhoneSimulator.ActiveCfg = Release|iPhoneSimulator
		{EB368DE4-1C68-49FE-8F60-51D86F81F484}.Release|iPhoneSimulator.Build.0 = Release|iPhoneSimulator
		{EB368DE4-1C68-49FE-8F60-51D86F81F484}.Release|iPhoneSimulator.Deploy.0 = Release|iPhoneSimulator
		{C9B29FA0-EF98-497B-9E64-D3F11AF93911}.Debug|Any CPU.ActiveCfg = Debug|Any CPU
		{C9B29FA0-EF98-497B-9E64-D3F11AF93911}.Debug|Any CPU.Build.0 = Debug|Any CPU
		{C9B29FA0-EF98-497B-9E64-D3F11AF93911}.Debug|Any CPU.Deploy.0 = Debug|Any CPU
		{C9B29FA0-EF98-497B-9E64-D3F11AF93911}.Debug|iPhone.ActiveCfg = Debug|Any CPU
		{C9B29FA0-EF98-497B-9E64-D3F11AF93911}.Debug|iPhone.Build.0 = Debug|Any CPU
		{C9B29FA0-EF98-497B-9E64-D3F11AF93911}.Debug|iPhone.Deploy.0 = Debug|Any CPU
		{C9B29FA0-EF98-497B-9E64-D3F11AF93911}.Debug|iPhoneSimulator.ActiveCfg = Debug|Any CPU
		{C9B29FA0-EF98-497B-9E64-D3F11AF93911}.Debug|iPhoneSimulator.Build.0 = Debug|Any CPU
		{C9B29FA0-EF98-497B-9E64-D3F11AF93911}.Debug|iPhoneSimulator.Deploy.0 = Debug|Any CPU
		{C9B29FA0-EF98-497B-9E64-D3F11AF93911}.Release|Any CPU.ActiveCfg = Release|Any CPU
		{C9B29FA0-EF98-497B-9E64-D3F11AF93911}.Release|Any CPU.Build.0 = Release|Any CPU
		{C9B29FA0-EF98-497B-9E64-D3F11AF93911}.Release|Any CPU.Deploy.0 = Release|Any CPU
		{C9B29FA0-EF98-497B-9E64-D3F11AF93911}.Release|iPhone.ActiveCfg = Release|Any CPU
		{C9B29FA0-EF98-497B-9E64-D3F11AF93911}.Release|iPhone.Build.0 = Release|Any CPU
		{C9B29FA0-EF98-497B-9E64-D3F11AF93911}.Release|iPhone.Deploy.0 = Release|Any CPU
		{C9B29FA0-EF98-497B-9E64-D3F11AF93911}.Release|iPhoneSimulator.ActiveCfg = Release|Any CPU
		{C9B29FA0-EF98-497B-9E64-D3F11AF93911}.Release|iPhoneSimulator.Build.0 = Release|Any CPU
		{C9B29FA0-EF98-497B-9E64-D3F11AF93911}.Release|iPhoneSimulator.Deploy.0 = Release|Any CPU
		{7B372CCE-4D08-4562-9B71-A36295CD14A0}.Debug|Any CPU.ActiveCfg = Debug|Any CPU
		{7B372CCE-4D08-4562-9B71-A36295CD14A0}.Debug|Any CPU.Build.0 = Debug|Any CPU
		{7B372CCE-4D08-4562-9B71-A36295CD14A0}.Debug|iPhone.ActiveCfg = Debug|Any CPU
		{7B372CCE-4D08-4562-9B71-A36295CD14A0}.Debug|iPhone.Build.0 = Debug|Any CPU
		{7B372CCE-4D08-4562-9B71-A36295CD14A0}.Debug|iPhoneSimulator.ActiveCfg = Debug|Any CPU
		{7B372CCE-4D08-4562-9B71-A36295CD14A0}.Debug|iPhoneSimulator.Build.0 = Debug|Any CPU
		{7B372CCE-4D08-4562-9B71-A36295CD14A0}.Release|Any CPU.ActiveCfg = Release|Any CPU
		{7B372CCE-4D08-4562-9B71-A36295CD14A0}.Release|Any CPU.Build.0 = Release|Any CPU
		{7B372CCE-4D08-4562-9B71-A36295CD14A0}.Release|iPhone.ActiveCfg = Release|Any CPU
		{7B372CCE-4D08-4562-9B71-A36295CD14A0}.Release|iPhone.Build.0 = Release|Any CPU
		{7B372CCE-4D08-4562-9B71-A36295CD14A0}.Release|iPhoneSimulator.ActiveCfg = Release|Any CPU
		{7B372CCE-4D08-4562-9B71-A36295CD14A0}.Release|iPhoneSimulator.Build.0 = Release|Any CPU
	EndGlobalSection
	GlobalSection(SolutionProperties) = preSolution
		HideSolutionNode = FALSE
	EndGlobalSection
	GlobalSection(ExtensibilityGlobals) = postSolution
		SolutionGuid = {08DAC2BC-97B7-4742-A731-1BC768D37BB6}
	EndGlobalSection
EndGlobal
